
Microsoft Visual Studio Solution File, Format Version 12.00
# Visual Studio Version 17
VisualStudioVersion = 17.13.35825.156 d17.13
MinimumVisualStudioVersion = 10.0.40219.1
Project("{FAE04EC0-301F-11D3-BF4B-00C04F79EFBC}") = "Application", "Application\Application.csproj", "{665CCB93-7B74-45AE-84E3-E8E093EEB318}"
EndProject
Project("{FAE04EC0-301F-11D3-BF4B-00C04F79EFBC}") = "API", "API\API.csproj", "{B9D127BF-BC35-46A5-AC37-98D7451BBB26}"
EndProject
Project("{FAE04EC0-301F-11D3-BF4B-00C04F79EFBC}") = "Infrastructure", "Infrastructure\Infrastructure.csproj", "{8564C0E9-74EF-4F60-B828-7E2724F775F3}"
EndProject
Project("{FAE04EC0-301F-11D3-BF4B-00C04F79EFBC}") = "Domain", "Domain\Domain.csproj", "{13E529E8-1BEC-4D51-8A21-9E1D5136EFE5}"
EndProject
Project("{FAE04EC0-301F-11D3-BF4B-00C04F79EFBC}") = "Tests", "Tests\Tests.csproj", "{3D652EAD-EDC6-4283-9513-8DD66DE41458}"
EndProject
Global
	GlobalSection(SolutionConfigurationPlatforms) = preSolution
		Debug|Any CPU = Debug|Any CPU
		Release|Any CPU = Release|Any CPU
	EndGlobalSection
	GlobalSection(ProjectConfigurationPlatforms) = postSolution
		{665CCB93-7B74-45AE-84E3-E8E093EEB318}.Debug|Any CPU.ActiveCfg = Debug|Any CPU
		{665CCB93-7B74-45AE-84E3-E8E093EEB318}.Debug|Any CPU.Build.0 = Debug|Any CPU
		{665CCB93-7B74-45AE-84E3-E8E093EEB318}.Release|Any CPU.ActiveCfg = Release|Any CPU
		{665CCB93-7B74-45AE-84E3-E8E093EEB318}.Release|Any CPU.Build.0 = Release|Any CPU
		{B9D127BF-BC35-46A5-AC37-98D7451BBB26}.Debug|Any CPU.ActiveCfg = Debug|Any CPU
		{B9D127BF-BC35-46A5-AC37-98D7451BBB26}.Debug|Any CPU.Build.0 = Debug|Any CPU
		{B9D127BF-BC35-46A5-AC37-98D7451BBB26}.Release|Any CPU.ActiveCfg = Release|Any CPU
		{B9D127BF-BC35-46A5-AC37-98D7451BBB26}.Release|Any CPU.Build.0 = Release|Any CPU
		{8564C0E9-74EF-4F60-B828-7E2724F775F3}.Debug|Any CPU.ActiveCfg = Debug|Any CPU
		{8564C0E9-74EF-4F60-B828-7E2724F775F3}.Debug|Any CPU.Build.0 = Debug|Any CPU
		{8564C0E9-74EF-4F60-B828-7E2724F775F3}.Release|Any CPU.ActiveCfg = Release|Any CPU
		{8564C0E9-74EF-4F60-B828-7E2724F775F3}.Release|Any CPU.Build.0 = Release|Any CPU
		{13E529E8-1BEC-4D51-8A21-9E1D5136EFE5}.Debug|Any CPU.ActiveCfg = Debug|Any CPU
		{13E529E8-1BEC-4D51-8A21-9E1D5136EFE5}.Debug|Any CPU.Build.0 = Debug|Any CPU
		{13E529E8-1BEC-4D51-8A21-9E1D5136EFE5}.Release|Any CPU.ActiveCfg = Release|Any CPU
		{13E529E8-1BEC-4D51-8A21-9E1D5136EFE5}.Release|Any CPU.Build.0 = Release|Any CPU
		{3D652EAD-EDC6-4283-9513-8DD66DE41458}.Debug|Any CPU.ActiveCfg = Debug|Any CPU
		{3D652EAD-EDC6-4283-9513-8DD66DE41458}.Debug|Any CPU.Build.0 = Debug|Any CPU
		{3D652EAD-EDC6-4283-9513-8DD66DE41458}.Release|Any CPU.ActiveCfg = Release|Any CPU
		{3D652EAD-EDC6-4283-9513-8DD66DE41458}.Release|Any CPU.Build.0 = Release|Any CPU
	EndGlobalSection
	GlobalSection(SolutionProperties) = preSolution
		HideSolutionNode = FALSE
	EndGlobalSection
	GlobalSection(ExtensibilityGlobals) = postSolution
		SolutionGuid = {1B6E914B-61F6-42B9-B984-44615CD9A67F}
	EndGlobalSection
EndGlobal
